
Microsoft Visual Studio Solution File, Format Version 12.00
# Visual Studio Version 17
VisualStudioVersion = 17.5.33516.290
MinimumVisualStudioVersion = 10.0.40219.1
Project("{00D1A9C2-B5F0-4AF3-8072-F6C62B433612}") = "SqlQueriesUniPi", "SqlQueriesUniPi\SqlQueriesUniPi.sqlproj", "{33932D26-2B4A-41EC-88A5-D9AE607C5607}"
EndProject
Global
	GlobalSection(SolutionConfigurationPlatforms) = preSolution
		Debug|Any CPU = Debug|Any CPU
		Release|Any CPU = Release|Any CPU
	EndGlobalSection
	GlobalSection(ProjectConfigurationPlatforms) = postSolution
		{33932D26-2B4A-41EC-88A5-D9AE607C5607}.Debug|Any CPU.ActiveCfg = Debug|Any CPU
		{33932D26-2B4A-41EC-88A5-D9AE607C5607}.Debug|Any CPU.Build.0 = Debug|Any CPU
		{33932D26-2B4A-41EC-88A5-D9AE607C5607}.Debug|Any CPU.Deploy.0 = Debug|Any CPU
		{33932D26-2B4A-41EC-88A5-D9AE607C5607}.Release|Any CPU.ActiveCfg = Release|Any CPU
		{33932D26-2B4A-41EC-88A5-D9AE607C5607}.Release|Any CPU.Build.0 = Release|Any CPU
		{33932D26-2B4A-41EC-88A5-D9AE607C5607}.Release|Any CPU.Deploy.0 = Release|Any CPU
	EndGlobalSection
	GlobalSection(SolutionProperties) = preSolution
		HideSolutionNode = FALSE
	EndGlobalSection
	GlobalSection(ExtensibilityGlobals) = postSolution
		SolutionGuid = {85896EA1-FA21-42DB-9934-C1156164FEF8}
	EndGlobalSection
EndGlobal
